# THIS IS AN AUTOGENERATED FILE. DO NOT EDIT THIS FILE DIRECTLY.
# yarn lockfile v1


env-file-rw@^1.0.0:
  version "1.0.0"
  resolved "https://registry.yarnpkg.com/env-file-rw/-/env-file-rw-1.0.0.tgz#6501ffb02b244efc93a1071994b9d4001d4ede41"
  integrity sha512-GK7IURurb/9Gxx3Q6i5bxVJ05nPJ4H2tRtCUZnzLLH+xR5GgAzIZwjWJb32kcGdli2jBnn4B3p1ArAFYN0WcSg==
